
Microsoft Visual Studio Solution File, Format Version 12.00
# Visual Studio Version 17
VisualStudioVersion = 17.3.32819.101
MinimumVisualStudioVersion = 10.0.40219.1
Project("{9A19103F-16F7-4668-BE54-9A1E7A4F7556}") = "List", "List\List.csproj", "{8B964E7C-528E-4BBC-AB41-5BDC0623955B}"
EndProject
Global
	GlobalSection(SolutionConfigurationPlatforms) = preSolution
		Debug|Any CPU = Debug|Any CPU
		Release|Any CPU = Release|Any CPU
	EndGlobalSection
	GlobalSection(ProjectConfigurationPlatforms) = postSolution
		{8B964E7C-528E-4BBC-AB41-5BDC0623955B}.Debug|Any CPU.ActiveCfg = Debug|Any CPU
		{8B964E7C-528E-4BBC-AB41-5BDC0623955B}.Debug|Any CPU.Build.0 = Debug|Any CPU
		{8B964E7C-528E-4BBC-AB41-5BDC0623955B}.Release|Any CPU.ActiveCfg = Release|Any CPU
		{8B964E7C-528E-4BBC-AB41-5BDC0623955B}.Release|Any CPU.Build.0 = Release|Any CPU
	EndGlobalSection
	GlobalSection(SolutionProperties) = preSolution
		HideSolutionNode = FALSE
	EndGlobalSection
	GlobalSection(ExtensibilityGlobals) = postSolution
		SolutionGuid = {03F5BE56-B64B-421A-927C-CF9FECCF45BB}
	EndGlobalSection
EndGlobal
